// !$*UTF8*$!
{
	archiveVersion = 1;
	classes = {
	};
	objectVersion = 50;
	objects = {

/* Begin PBXBuildFile section */
		CB24B0A623F70AE40093C6BC /* AppDelegate.swift in Sources */ = {isa = PBXBuildFile; fileRef = CB24B0A523F70AE40093C6BC /* AppDelegate.swift */; };
		CB24B0A823F70AE40093C6BC /* ViewController.swift in Sources */ = {isa = PBXBuildFile; fileRef = CB24B0A723F70AE40093C6BC /* ViewController.swift */; };
		CB24B0AD23F70AE40093C6BC /* Main.storyboard in Resources */ = {isa = PBXBuildFile; fileRef = CB24B0AB23F70AE40093C6BC /* Main.storyboard */; };
		CB24B0AF23F70AE70093C6BC /* Assets.xcassets in Resources */ = {isa = PBXBuildFile; fileRef = CB24B0AE23F70AE70093C6BC /* Assets.xcassets */; };
		CB24B0B223F70AE70093C6BC /* LaunchScreen.storyboard in Resources */ = {isa = PBXBuildFile; fileRef = CB24B0B023F70AE70093C6BC /* LaunchScreen.storyboard */; };
		CB24B0BA23F70B890093C6BC /* character in Resources */ = {isa = PBXBuildFile; fileRef = CB24B0B923F70B890093C6BC /* character */; };
		CB9E534623FD8DC90026C6E2 /* SettingsViewController.swift in Sources */ = {isa = PBXBuildFile; fileRef = CB9E534423FD8DC90026C6E2 /* SettingsViewController.swift */; };
		CB9E534723FD8DC90026C6E2 /* SettingsViewController.xib in Resources */ = {isa = PBXBuildFile; fileRef = CB9E534523FD8DC90026C6E2 /* SettingsViewController.xib */; };
/* End PBXBuildFile section */

/* Begin PBXFileReference section */
		CB24B0A223F70AE40093C6BC /* BodyTracking.app */ = {isa = PBXFileReference; explicitFileType = wrapper.application; includeInIndex = 0; path = BodyTracking.app; sourceTree = BUILT_PRODUCTS_DIR; };
		CB24B0A523F70AE40093C6BC /* AppDelegate.swift */ = {isa = PBXFileReference; lastKnownFileType = sourcecode.swift; path = AppDelegate.swift; sourceTree = "<group>"; };
		CB24B0A723F70AE40093C6BC /* ViewController.swift */ = {isa = PBXFileReference; lastKnownFileType = sourcecode.swift; path = ViewController.swift; sourceTree = "<group>"; };
		CB24B0AC23F70AE40093C6BC /* Base */ = {isa = PBXFileReference; lastKnownFileType = file.storyboard; name = Base; path = Base.lproj/Main.storyboard; sourceTree = "<group>"; };
		CB24B0AE23F70AE70093C6BC /* Assets.xcassets */ = {isa = PBXFileReference; lastKnownFileType = folder.assetcatalog; path = Assets.xcassets; sourceTree = "<group>"; };
		CB24B0B123F70AE70093C6BC /* Base */ = {isa = PBXFileReference; lastKnownFileType = file.storyboard; name = Base; path = Base.lproj/LaunchScreen.storyboard; sourceTree = "<group>"; };
		CB24B0B323F70AE70093C6BC /* Info.plist */ = {isa = PBXFileReference; lastKnownFileType = text.plist.xml; path = Info.plist; sourceTree = "<group>"; };
		CB24B0B923F70B890093C6BC /* character */ = {isa = PBXFileReference; lastKnownFileType = folder; path = character; sourceTree = "<group>"; };
		CB9E534423FD8DC90026C6E2 /* SettingsViewController.swift */ = {isa = PBXFileReference; lastKnownFileType = sourcecode.swift; path = SettingsViewController.swift; sourceTree = "<group>"; };
		CB9E534523FD8DC90026C6E2 /* SettingsViewController.xib */ = {isa = PBXFileReference; lastKnownFileType = file.xib; path = SettingsViewController.xib; sourceTree = "<group>"; };
/* End PBXFileReference section */

/* Begin PBXFrameworksBuildPhase section */
		CB24B09F23F70AE40093C6BC /* Frameworks */ = {
			isa = PBXFrameworksBuildPhase;
			buildActionMask = 2147483647;
			files = (
			);
			runOnlyForDeploymentPostprocessing = 0;
		};
/* End PBXFrameworksBuildPhase section */

/* Begin PBXGroup section */
		CB24B09923F70AE40093C6BC = {
			isa = PBXGroup;
			children = (
				CB24B0A423F70AE40093C6BC /* BodyTracking */,
				CB24B0A323F70AE40093C6BC /* Products */,
			);
			sourceTree = "<group>";
		};
		CB24B0A323F70AE40093C6BC /* Products */ = {
			isa = PBXGroup;
			children = (
				CB24B0A223F70AE40093C6BC /* BodyTracking.app */,
			);
			name = Products;
			sourceTree = "<group>";
		};
		CB24B0A423F70AE40093C6BC /* BodyTracking */ = {
			isa = PBXGroup;
			children = (
				CB24B0A523F70AE40093C6BC /* AppDelegate.swift */,
				CB24B0A723F70AE40093C6BC /* ViewController.swift */,
				CB9E534423FD8DC90026C6E2 /* SettingsViewController.swift */,
				CB9E534523FD8DC90026C6E2 /* SettingsViewController.xib */,
				CB24B0B923F70B890093C6BC /* character */,
				CB24B0AB23F70AE40093C6BC /* Main.storyboard */,
				CB24B0AE23F70AE70093C6BC /* Assets.xcassets */,
				CB24B0B023F70AE70093C6BC /* LaunchScreen.storyboard */,
				CB24B0B323F70AE70093C6BC /* Info.plist */,
			);
			path = BodyTracking;
			sourceTree = "<group>";
		};
/* End PBXGroup section */

/* Begin PBXNativeTarget section */
		CB24B0A123F70AE40093C6BC /* BodyTracking */ = {
			isa = PBXNativeTarget;
			buildConfigurationList = CB24B0B623F70AE70093C6BC /* Build configuration list for PBXNativeTarget "BodyTracking" */;
			buildPhases = (
				CB24B09E23F70AE40093C6BC /* Sources */,
				CB24B09F23F70AE40093C6BC /* Frameworks */,
				CB24B0A023F70AE40093C6BC /* Resources */,
			);
			buildRules = (
			);
			dependencies = (
			);
			name = BodyTracking;
			productName = BodyTracking;
			productReference = CB24B0A223F70AE40093C6BC /* BodyTracking.app */;
			productType = "com.apple.product-type.application";
		};
/* End PBXNativeTarget section */

/* Begin PBXProject section */
		CB24B09A23F70AE40093C6BC /* Project object */ = {
			isa = PBXProject;
			attributes = {
				LastSwiftUpdateCheck = 1130;
				LastUpgradeCheck = 1130;
				TargetAttributes = {
					CB24B0A123F70AE40093C6BC = {
						CreatedOnToolsVersion = 11.3.1;
					};
				};
			};
			buildConfigurationList = CB24B09D23F70AE40093C6BC /* Build configuration list for PBXProject "BodyTracking" */;
			compatibilityVersion = "Xcode 9.3";
			developmentRegion = en;
			hasScannedForEncodings = 0;
			knownRegions = (
				en,
				Base,
			);
			mainGroup = CB24B09923F70AE40093C6BC;
			productRefGroup = CB24B0A323F70AE40093C6BC /* Products */;
			projectDirPath = "";
			projectRoot = "";
			targets = (
				CB24B0A123F70AE40093C6BC /* BodyTracking */,
			);
		};
/* End PBXProject section */

/* Begin PBXResourcesBuildPhase section */
		CB24B0A023F70AE40093C6BC /* Resources */ = {
			isa = PBXResourcesBuildPhase;
			buildActionMask = 2147483647;
			files = (
				CB24B0B223F70AE70093C6BC /* LaunchScreen.storyboard in Resources */,
				CB24B0AF23F70AE70093C6BC /* Assets.xcassets in Resources */,
				CB24B0BA23F70B890093C6BC /* character in Resources */,
				CB24B0AD23F70AE40093C6BC /* Main.storyboard in Resources */,
				CB9E534723FD8DC90026C6E2 /* SettingsViewController.xib in Resources */,
			);
			runOnlyForDeploymentPostprocessing = 0;
		};
/* End PBXResourcesBuildPhase section */

/* Begin PBXSourcesBuildPhase section */
		CB24B09E23F70AE40093C6BC /* Sources */ = {
			isa = PBXSourcesBuildPhase;
			buildActionMask = 2147483647;
			files = (
				CB24B0A823F70AE40093C6BC /* ViewController.swift in Sources */,
				CB24B0A623F70AE40093C6BC /* AppDelegate.swift in Sources */,
				CB9E534623FD8DC90026C6E2 /* SettingsViewController.swift in Sources */,
			);
			runOnlyForDeploymentPostprocessing = 0;
		};
/* End PBXSourcesBuildPhase section */

/* Begin PBXVariantGroup section */
		CB24B0AB23F70AE40093C6BC /* Main.storyboard */ = {
			isa = PBXVariantGroup;
			children = (
				CB24B0AC23F70AE40093C6BC /* Base */,
			);
			name = Main.storyboard;
			sourceTree = "<group>";
		};
		CB24B0B023F70AE70093C6BC /* LaunchScreen.storyboard */ = {
			isa = PBXVariantGroup;
			children = (
				CB24B0B123F70AE70093C6BC /* Base */,
			);
			name = LaunchScreen.storyboard;
			sourceTree = "<group>";
		};
/* End PBXVariantGroup section */

/* Begin XCBuildConfiguration section */
		CB24B0B423F70AE70093C6BC /* Debug */ = {
			isa = XCBuildConfiguration;
			buildSettings = {
				ALWAYS_SEARCH_USER_PATHS = NO;
				CLANG_ANALYZER_NONNULL = YES;
				CLANG_ANALYZER_NUMBER_OBJECT_CONVERSION = YES_AGGRESSIVE;
				CLANG_CXX_LANGUAGE_STANDARD = "gnu++14";
				CLANG_CXX_LIBRARY = "libc++";
				CLANG_ENABLE_MODULES = YES;
				CLANG_ENABLE_OBJC_ARC = YES;
				CLANG_ENABLE_OBJC_WEAK = YES;
				CLANG_WARN_BLOCK_CAPTURE_AUTORELEASING = YES;
				CLANG_WARN_BOOL_CONVERSION = YES;
				CLANG_WARN_COMMA = YES;
				CLANG_WARN_CONSTANT_CONVERSION = YES;
				CLANG_WARN_DEPRECATED_OBJC_IMPLEMENTATIONS = YES;
				CLANG_WARN_DIRECT_OBJC_ISA_USAGE = YES_ERROR;
				CLANG_WARN_DOCUMENTATION_COMMENTS = YES;
				CLANG_WARN_EMPTY_BODY = YES;
				CLANG_WARN_ENUM_CONVERSION = YES;
				CLANG_WARN_INFINITE_RECURSION = YES;
				CLANG_WARN_INT_CONVERSION = YES;
				CLANG_WARN_NON_LITERAL_NULL_CONVERSION = YES;
				CLANG_WARN_OBJC_IMPLICIT_RETAIN_SELF = YES;
				CLANG_WARN_OBJC_LITERAL_CONVERSION = YES;
				CLANG_WARN_OBJC_ROOT_CLASS = YES_ERROR;
				CLANG_WARN_RANGE_LOOP_ANALYSIS = YES;
				CLANG_WARN_STRICT_PROTOTYPES = YES;
				CLANG_WARN_SUSPICIOUS_MOVE = YES;
				CLANG_WARN_UNGUARDED_AVAILABILITY = YES_AGGRESSIVE;
				CLANG_WARN_UNREACHABLE_CODE = YES;
				CLANG_WARN__DUPLICATE_METHOD_MATCH = YES;
				COPY_PHASE_STRIP = NO;
				DEBUG_INFORMATION_FORMAT = dwarf;
				ENABLE_STRICT_OBJC_MSGSEND = YES;
				ENABLE_TESTABILITY = YES;
				GCC_C_LANGUAGE_STANDARD = gnu11;
				GCC_DYNAMIC_NO_PIC = NO;
				GCC_NO_COMMON_BLOCKS = YES;
				GCC_OPTIMIZATION_LEVEL = 0;
				GCC_PREPROCESSOR_DEFINITIONS = (
					"DEBUG=1",
					"$(inherited)",
				);
				GCC_WARN_64_TO_32_BIT_CONVERSION = YES;
				GCC_WARN_ABOUT_RETURN_TYPE = YES_ERROR;
				GCC_WARN_UNDECLARED_SELECTOR = YES;
				GCC_WARN_UNINITIALIZED_AUTOS = YES_AGGRESSIVE;
				GCC_WARN_UNUSED_FUNCTION = YES;
				GCC_WARN_UNUSED_VARIABLE = YES;
				IPHONEOS_DEPLOYMENT_TARGET = 13.2;
				MTL_ENABLE_DEBUG_INFO = INCLUDE_SOURCE;
				MTL_FAST_MATH = YES;
				ONLY_ACTIVE_ARCH = YES;
				SDKROOT = iphoneos;
				SWIFT_ACTIVE_COMPILATION_CONDITIONS = DEBUG;
				SWIFT_OPTIMIZATION_LEVEL = "-Onone";
			};
			name = Debug;
		};
		CB24B0B523F70AE70093C6BC /* Release */ = {
			isa = XCBuildConfiguration;
			buildSettings = {
				ALWAYS_SEARCH_USER_PATHS = NO;
				CLANG_ANALYZER_NONNULL = YES;
				CLANG_ANALYZER_NUMBER_OBJECT_CONVERSION = YES_AGGRESSIVE;
				CLANG_CXX_LANGUAGE_STANDARD = "gnu++14";
				CLANG_CXX_LIBRARY = "libc++";
				CLANG_ENABLE_MODULES = YES;
				CLANG_ENABLE_OBJC_ARC = YES;
				CLANG_ENABLE_OBJC_WEAK = YES;
				CLANG_WARN_BLOCK_CAPTURE_AUTORELEASING = YES;
				CLANG_WARN_BOOL_CONVERSION = YES;
				CLANG_WARN_COMMA = YES;
				CLANG_WARN_CONSTANT_CONVERSION = YES;
				CLANG_WARN_DEPRECATED_OBJC_IMPLEMENTATIONS = YES;
				CLANG_WARN_DIRECT_OBJC_ISA_USAGE = YES_ERROR;
				CLANG_WARN_DOCUMENTATION_COMMENTS = YES;
				CLANG_WARN_EMPTY_BODY = YES;
				CLANG_WARN_ENUM_CONVERSION = YES;
				CLANG_WARN_INFINITE_RECURSION = YES;
				CLANG_WARN_INT_CONVERSION = YES;
				CLANG_WARN_NON_LITERAL_NULL_CONVERSION = YES;
				CLANG_WARN_OBJC_IMPLICIT_RETAIN_SELF = YES;
				CLANG_WARN_OBJC_LITERAL_CONVERSION = YES;
				CLANG_WARN_OBJC_ROOT_CLASS = YES_ERROR;
				CLANG_WARN_RANGE_LOOP_ANALYSIS = YES;
				CLANG_WARN_STRICT_PROTOTYPES = YES;
				CLANG_WARN_SUSPICIOUS_MOVE = YES;
				CLANG_WARN_UNGUARDED_AVAILABILITY = YES_AGGRESSIVE;
				CLANG_WARN_UNREACHABLE_CODE = YES;
				CLANG_WARN__DUPLICATE_METHOD_MATCH = YES;
				COPY_PHASE_STRIP = NO;
				DEBUG_INFORMATION_FORMAT = "dwarf-with-dsym";
				ENABLE_NS_ASSERTIONS = NO;
				ENABLE_STRICT_OBJC_MSGSEND = YES;
				GCC_C_LANGUAGE_STANDARD = gnu11;
				GCC_NO_COMMON_BLOCKS = YES;
				GCC_WARN_64_TO_32_BIT_CONVERSION = YES;
				GCC_WARN_ABOUT_RETURN_TYPE = YES_ERROR;
				GCC_WARN_UNDECLARED_SELECTOR = YES;
				GCC_WARN_UNINITIALIZED_AUTOS = YES_AGGRESSIVE;
				GCC_WARN_UNUSED_FUNCTION = YES;
				GCC_WARN_UNUSED_VARIABLE = YES;
				IPHONEOS_DEPLOYMENT_TARGET = 13.2;
				MTL_ENABLE_DEBUG_INFO = NO;
				MTL_FAST_MATH = YES;
				SDKROOT = iphoneos;
				SWIFT_COMPILATION_MODE = wholemodule;
				SWIFT_OPTIMIZATION_LEVEL = "-O";
				VALIDATE_PRODUCT = YES;
			};
			name = Release;
		};
		CB24B0B723F70AE70093C6BC /* Debug */ = {
			isa = XCBuildConfiguration;
			buildSettings = {
				ASSETCATALOG_COMPILER_APPICON_NAME = AppIcon;
				CODE_SIGN_STYLE = Automatic;
				DEVELOPMENT_TEAM = "";
				INFOPLIST_FILE = BodyTracking/Info.plist;
				LD_RUNPATH_SEARCH_PATHS = (
					"$(inherited)",
					"@executable_path/Frameworks",
				);
				PRODUCT_BUNDLE_IDENTIFIER = br.com.bodytracking.BodyTracking;
				PRODUCT_NAME = "$(TARGET_NAME)";
				SWIFT_VERSION = 5.0;
				TARGETED_DEVICE_FAMILY = "1,2";
			};
			name = Debug;
		};
		CB24B0B823F70AE70093C6BC /* Release */ = {
			isa = XCBuildConfiguration;
			buildSettings = {
				ASSETCATALOG_COMPILER_APPICON_NAME = AppIcon;
				CODE_SIGN_STYLE = Automatic;
				DEVELOPMENT_TEAM = "";
				INFOPLIST_FILE = BodyTracking/Info.plist;
				LD_RUNPATH_SEARCH_PATHS = (
					"$(inherited)",
					"@executable_path/Frameworks",
				);
				PRODUCT_BUNDLE_IDENTIFIER = br.com.bodytracking.BodyTracking;
				PRODUCT_NAME = "$(TARGET_NAME)";
				SWIFT_VERSION = 5.0;
				TARGETED_DEVICE_FAMILY = "1,2";
			};
			name = Release;
		};
/* End XCBuildConfiguration section */

/* Begin XCConfigurationList section */
		CB24B09D23F70AE40093C6BC /* Build configuration list for PBXProject "BodyTracking" */ = {
			isa = XCConfigurationList;
			buildConfigurations = (
				CB24B0B423F70AE70093C6BC /* Debug */,
				CB24B0B523F70AE70093C6BC /* Release */,
			);
			defaultConfigurationIsVisible = 0;
			defaultConfigurationName = Release;
		};
		CB24B0B623F70AE70093C6BC /* Build configuration list for PBXNativeTarget "BodyTracking" */ = {
			isa = XCConfigurationList;
			buildConfigurations = (
				CB24B0B723F70AE70093C6BC /* Debug */,
				CB24B0B823F70AE70093C6BC /* Release */,
			);
			defaultConfigurationIsVisible = 0;
			defaultConfigurationName = Release;
		};
/* End XCConfigurationList section */
	};
	rootObject = CB24B09A23F70AE40093C6BC /* Project object */;
}
